{
  "pins": [
    {
      "identity": "collectionhstack",
      "kind": "remoteSourceControl",
      "location": "https://github.com/LePips/CollectionHStack",
      "state": {
        "revision": "15baaaa759a0e252addae08431c79a49a25e4afc"
      }
    },
    {
      "identity": "differencekit",
      "kind": "remoteSourceControl",
      "location": "https://github.com/ra1028/DifferenceKit",
      "state": {
        "revision": "073b9671ce2b9b5b96398611427a1f929927e428",
        "version": "1.3.0"
      }
    },
    {
      "identity": "mpv-build",
      "kind": "remoteSourceControl",
      "location": "https://github.com/edde746/mpv-build",
      "state": {
        "revision": "c6f7e635c2c8681fa13c2c678f0e61ae46fe8bc6"
      }
    }
  ],
  "version": 2
}
